
Microsoft Visual Studio Solution File, Format Version 12.00
# Visual Studio Version 17
VisualStudioVersion = 17.4.33110.190
MinimumVisualStudioVersion = 10.0.40219.1
Project("{FAE04EC0-301F-11D3-BF4B-00C04F79EFBC}") = "Api", "Api\Api.csproj", "{24D49786-CC73-4DC3-977B-F42FED4E424C}"
EndProject
Global
	GlobalSection(SolutionConfigurationPlatforms) = preSolution
		Debug|Any CPU = Debug|Any CPU
		Release|Any CPU = Release|Any CPU
	EndGlobalSection
	GlobalSection(ProjectConfigurationPlatforms) = postSolution
		{24D49786-CC73-4DC3-977B-F42FED4E424C}.Debug|Any CPU.ActiveCfg = Debug|Any CPU
		{24D49786-CC73-4DC3-977B-F42FED4E424C}.Debug|Any CPU.Build.0 = Debug|Any CPU
		{24D49786-CC73-4DC3-977B-F42FED4E424C}.Release|Any CPU.ActiveCfg = Release|Any CPU
		{24D49786-CC73-4DC3-977B-F42FED4E424C}.Release|Any CPU.Build.0 = Release|Any CPU
	EndGlobalSection
	GlobalSection(SolutionProperties) = preSolution
		HideSolutionNode = FALSE
	EndGlobalSection
	GlobalSection(ExtensibilityGlobals) = postSolution
		SolutionGuid = {D1596D69-35EF-4C7F-B60C-0FB5AB104A63}
	EndGlobalSection
EndGlobal
