
Microsoft Visual Studio Solution File, Format Version 12.00
# Visual Studio Version 17
VisualStudioVersion = 17.4.33110.190
MinimumVisualStudioVersion = 10.0.40219.1
Project("{9A19103F-16F7-4668-BE54-9A1E7A4F7556}") = "Api", "Api\Api.csproj", "{24D49786-CC73-4DC3-977B-F42FED4E424C}"
EndProject
Project("{9A19103F-16F7-4668-BE54-9A1E7A4F7556}") = "SchoolMusic.Domain", "SchoolMusic.Domain\SchoolMusic.Domain.csproj", "{EB01BC94-19FB-4E54-9A8C-06AAC6C307BE}"
EndProject
Project("{9A19103F-16F7-4668-BE54-9A1E7A4F7556}") = "SchoolMusic.Infrastructure", "SchoolMusic.DAL\SchoolMusic.Infrastructure.csproj", "{41BE8243-EC19-4DFE-B20A-7C0544B760FA}"
EndProject
Project("{9A19103F-16F7-4668-BE54-9A1E7A4F7556}") = "SchoolMusic.Application", "SchoolMusic.Application\SchoolMusic.Application.csproj", "{F1526014-8525-4199-8BC5-1E5FA219D3B1}"
EndProject
Project("{FAE04EC0-301F-11D3-BF4B-00C04F79EFBC}") = "DTO", "DTO\DTO.csproj", "{BEEE4CE4-E21E-4EE3-8605-38D78F13F885}"
EndProject
Global
	GlobalSection(SolutionConfigurationPlatforms) = preSolution
		Debug|Any CPU = Debug|Any CPU
		Release|Any CPU = Release|Any CPU
	EndGlobalSection
	GlobalSection(ProjectConfigurationPlatforms) = postSolution
		{24D49786-CC73-4DC3-977B-F42FED4E424C}.Debug|Any CPU.ActiveCfg = Debug|Any CPU
		{24D49786-CC73-4DC3-977B-F42FED4E424C}.Debug|Any CPU.Build.0 = Debug|Any CPU
		{24D49786-CC73-4DC3-977B-F42FED4E424C}.Release|Any CPU.ActiveCfg = Release|Any CPU
		{24D49786-CC73-4DC3-977B-F42FED4E424C}.Release|Any CPU.Build.0 = Release|Any CPU
		{EB01BC94-19FB-4E54-9A8C-06AAC6C307BE}.Debug|Any CPU.ActiveCfg = Debug|Any CPU
		{EB01BC94-19FB-4E54-9A8C-06AAC6C307BE}.Debug|Any CPU.Build.0 = Debug|Any CPU
		{EB01BC94-19FB-4E54-9A8C-06AAC6C307BE}.Release|Any CPU.ActiveCfg = Release|Any CPU
		{EB01BC94-19FB-4E54-9A8C-06AAC6C307BE}.Release|Any CPU.Build.0 = Release|Any CPU
		{41BE8243-EC19-4DFE-B20A-7C0544B760FA}.Debug|Any CPU.ActiveCfg = Debug|Any CPU
		{41BE8243-EC19-4DFE-B20A-7C0544B760FA}.Debug|Any CPU.Build.0 = Debug|Any CPU
		{41BE8243-EC19-4DFE-B20A-7C0544B760FA}.Release|Any CPU.ActiveCfg = Release|Any CPU
		{41BE8243-EC19-4DFE-B20A-7C0544B760FA}.Release|Any CPU.Build.0 = Release|Any CPU
		{F1526014-8525-4199-8BC5-1E5FA219D3B1}.Debug|Any CPU.ActiveCfg = Debug|Any CPU
		{F1526014-8525-4199-8BC5-1E5FA219D3B1}.Debug|Any CPU.Build.0 = Debug|Any CPU
		{F1526014-8525-4199-8BC5-1E5FA219D3B1}.Release|Any CPU.ActiveCfg = Release|Any CPU
		{F1526014-8525-4199-8BC5-1E5FA219D3B1}.Release|Any CPU.Build.0 = Release|Any CPU
		{BEEE4CE4-E21E-4EE3-8605-38D78F13F885}.Debug|Any CPU.ActiveCfg = Debug|Any CPU
		{BEEE4CE4-E21E-4EE3-8605-38D78F13F885}.Debug|Any CPU.Build.0 = Debug|Any CPU
		{BEEE4CE4-E21E-4EE3-8605-38D78F13F885}.Release|Any CPU.ActiveCfg = Release|Any CPU
		{BEEE4CE4-E21E-4EE3-8605-38D78F13F885}.Release|Any CPU.Build.0 = Release|Any CPU
	EndGlobalSection
	GlobalSection(SolutionProperties) = preSolution
		HideSolutionNode = FALSE
	EndGlobalSection
	GlobalSection(ExtensibilityGlobals) = postSolution
		SolutionGuid = {D1596D69-35EF-4C7F-B60C-0FB5AB104A63}
	EndGlobalSection
EndGlobal
